Microsoft Visual Studio Solution File, Format Version 11.00
# Visual Studio 2008

Project("{5D660A68-4FA1-DC4B-C6A7-F270A12BA549}") = "KemiApp", "Assembly-CSharp-firstpass-vs.csproj", "{F8124496-5586-6618-F84A-8D85907A11E1}"
EndProject
Project("{5D660A68-4FA1-DC4B-C6A7-F270A12BA549}") = "KemiApp", "Assembly-CSharp-vs.csproj", "{D2E85E7C-5481-D63B-5D54-4EDC0BB47F46}"
EndProject
Project("{5D660A68-4FA1-DC4B-C6A7-F270A12BA549}") = "KemiApp", "Assembly-CSharp-Editor-vs.csproj", "{ED546471-E55C-2C5C-3BCC-005FF75489E0}"
EndProject
Global
	GlobalSection(SolutionConfigurationPlatforms) = preSolution
		Debug|Any CPU = Debug|Any CPU
		Release|Any CPU = Release|Any CPU
	EndGlobalSection
	GlobalSection(ProjectConfigurationPlatforms) = postSolution
		{F8124496-5586-6618-F84A-8D85907A11E1}.Debug|Any CPU.ActiveCfg = Debug|Any CPU
		{F8124496-5586-6618-F84A-8D85907A11E1}.Debug|Any CPU.Build.0 = Debug|Any CPU
		{F8124496-5586-6618-F84A-8D85907A11E1}.Release|Any CPU.ActiveCfg = Release|Any CPU
		{F8124496-5586-6618-F84A-8D85907A11E1}.Release|Any CPU.Build.0 = Release|Any CPU
		{D2E85E7C-5481-D63B-5D54-4EDC0BB47F46}.Debug|Any CPU.ActiveCfg = Debug|Any CPU
		{D2E85E7C-5481-D63B-5D54-4EDC0BB47F46}.Debug|Any CPU.Build.0 = Debug|Any CPU
		{D2E85E7C-5481-D63B-5D54-4EDC0BB47F46}.Release|Any CPU.ActiveCfg = Release|Any CPU
		{D2E85E7C-5481-D63B-5D54-4EDC0BB47F46}.Release|Any CPU.Build.0 = Release|Any CPU
		{ED546471-E55C-2C5C-3BCC-005FF75489E0}.Debug|Any CPU.ActiveCfg = Debug|Any CPU
		{ED546471-E55C-2C5C-3BCC-005FF75489E0}.Debug|Any CPU.Build.0 = Debug|Any CPU
		{ED546471-E55C-2C5C-3BCC-005FF75489E0}.Release|Any CPU.ActiveCfg = Release|Any CPU
		{ED546471-E55C-2C5C-3BCC-005FF75489E0}.Release|Any CPU.Build.0 = Release|Any CPU
	EndGlobalSection
	GlobalSection(SolutionProperties) = preSolution
		HideSolutionNode = FALSE
	EndGlobalSection
					GlobalSection(MonoDevelopProperties) = preSolution
		StartupItem = Assembly-CSharp.csproj
		Policies = $0
		$0.TextStylePolicy = $1
		$1.inheritsSet = null
		$1.scope = text/x-csharp
		$0.CSharpFormattingPolicy = $2
		$2.inheritsSet = Mono
		$2.inheritsScope = text/x-csharp
		$2.scope = text/x-csharp
		$0.TextStylePolicy = $3
		$3.FileWidth = 120
		$3.TabWidth = 4
		$3.IndentWidth = 4
		$3.EolMarker = Unix
		$3.inheritsSet = Mono
		$3.inheritsScope = text/plain
		$3.scope = text/plain
	EndGlobalSection

EndGlobal
